
Microsoft Visual Studio Solution File, Format Version 12.00
# Visual Studio Version 17
VisualStudioVersion = 17.3.32922.545
MinimumVisualStudioVersion = 10.0.40219.1
Project("{FAE04EC0-301F-11D3-BF4B-00C04F79EFBC}") = "StreamA2B", "StreamA2B\StreamA2B.csproj", "{F4BFBE28-6EDA-429B-BE02-4077CAFAF1D8}"
EndProject
Global
	GlobalSection(SolutionConfigurationPlatforms) = preSolution
		Debug|Any CPU = Debug|Any CPU
		Release|Any CPU = Release|Any CPU
	EndGlobalSection
	GlobalSection(ProjectConfigurationPlatforms) = postSolution
		{F4BFBE28-6EDA-429B-BE02-4077CAFAF1D8}.Debug|Any CPU.ActiveCfg = Debug|Any CPU
		{F4BFBE28-6EDA-429B-BE02-4077CAFAF1D8}.Debug|Any CPU.Build.0 = Debug|Any CPU
		{F4BFBE28-6EDA-429B-BE02-4077CAFAF1D8}.Release|Any CPU.ActiveCfg = Release|Any CPU
		{F4BFBE28-6EDA-429B-BE02-4077CAFAF1D8}.Release|Any CPU.Build.0 = Release|Any CPU
	EndGlobalSection
	GlobalSection(SolutionProperties) = preSolution
		HideSolutionNode = FALSE
	EndGlobalSection
	GlobalSection(ExtensibilityGlobals) = postSolution
		SolutionGuid = {F9DF5F72-D9AA-4172-882C-9D911FBE7B7F}
	EndGlobalSection
EndGlobal
